
Microsoft Visual Studio Solution File, Format Version 12.00
# Visual Studio 15
VisualStudioVersion = 15.0.28307.1585
MinimumVisualStudioVersion = 10.0.40219.1
Project("{FAE04EC0-301F-11D3-BF4B-00C04F79EFBC}") = "Prism.OptionalDependencies", "src\Prism.OptionalDependencies\Prism.OptionalDependencies.csproj", "{C25EF0B5-8F39-42D1-9D0E-F8B05BF32CB7}"
EndProject
Global
	GlobalSection(SolutionConfigurationPlatforms) = preSolution
		Debug|Any CPU = Debug|Any CPU
		Release|Any CPU = Release|Any CPU
	EndGlobalSection
	GlobalSection(ProjectConfigurationPlatforms) = postSolution
		{C25EF0B5-8F39-42D1-9D0E-F8B05BF32CB7}.Debug|Any CPU.ActiveCfg = Debug|Any CPU
		{C25EF0B5-8F39-42D1-9D0E-F8B05BF32CB7}.Debug|Any CPU.Build.0 = Debug|Any CPU
		{C25EF0B5-8F39-42D1-9D0E-F8B05BF32CB7}.Release|Any CPU.ActiveCfg = Release|Any CPU
		{C25EF0B5-8F39-42D1-9D0E-F8B05BF32CB7}.Release|Any CPU.Build.0 = Release|Any CPU
	EndGlobalSection
	GlobalSection(SolutionProperties) = preSolution
		HideSolutionNode = FALSE
	EndGlobalSection
	GlobalSection(ExtensibilityGlobals) = postSolution
		SolutionGuid = {A67FA28C-FE63-45D2-BEF4-A9FC14D87E6B}
	EndGlobalSection
EndGlobal
